
Microsoft Visual Studio Solution File, Format Version 12.00
# Visual Studio Version 17
VisualStudioVersion = 17.0.31903.59
MinimumVisualStudioVersion = 10.0.40219.1
Project("{FAE04EC0-301F-11D3-BF4B-00C04F79EFBC}") = "LearningCsharp", "LearningCsharp\LearningCsharp.csproj", "{79F77B5E-1BA0-4E13-99AE-DBCE4A9EC6CF}"
EndProject
Project("{FAE04EC0-301F-11D3-BF4B-00C04F79EFBC}") = "Chiffre-Mystere", "Chiffre-Mystere\Chiffre-Mystere.csproj", "{84FCC063-562E-4F5B-8734-E6ACE65641C8}"
EndProject
Project("{FAE04EC0-301F-11D3-BF4B-00C04F79EFBC}") = "TPCalculatrice", "TPCalculatrice\TPCalculatrice.csproj", "{4DB464B0-4631-45EA-BFBB-737083EEADE0}"
EndProject
Global
	GlobalSection(SolutionConfigurationPlatforms) = preSolution
		Debug|Any CPU = Debug|Any CPU
		Release|Any CPU = Release|Any CPU
	EndGlobalSection
	GlobalSection(ProjectConfigurationPlatforms) = postSolution
		{79F77B5E-1BA0-4E13-99AE-DBCE4A9EC6CF}.Debug|Any CPU.ActiveCfg = Debug|Any CPU
		{79F77B5E-1BA0-4E13-99AE-DBCE4A9EC6CF}.Debug|Any CPU.Build.0 = Debug|Any CPU
		{79F77B5E-1BA0-4E13-99AE-DBCE4A9EC6CF}.Release|Any CPU.ActiveCfg = Release|Any CPU
		{79F77B5E-1BA0-4E13-99AE-DBCE4A9EC6CF}.Release|Any CPU.Build.0 = Release|Any CPU
		{84FCC063-562E-4F5B-8734-E6ACE65641C8}.Debug|Any CPU.ActiveCfg = Debug|Any CPU
		{84FCC063-562E-4F5B-8734-E6ACE65641C8}.Debug|Any CPU.Build.0 = Debug|Any CPU
		{84FCC063-562E-4F5B-8734-E6ACE65641C8}.Release|Any CPU.ActiveCfg = Release|Any CPU
		{84FCC063-562E-4F5B-8734-E6ACE65641C8}.Release|Any CPU.Build.0 = Release|Any CPU
		{4DB464B0-4631-45EA-BFBB-737083EEADE0}.Debug|Any CPU.ActiveCfg = Debug|Any CPU
		{4DB464B0-4631-45EA-BFBB-737083EEADE0}.Debug|Any CPU.Build.0 = Debug|Any CPU
		{4DB464B0-4631-45EA-BFBB-737083EEADE0}.Release|Any CPU.ActiveCfg = Release|Any CPU
		{4DB464B0-4631-45EA-BFBB-737083EEADE0}.Release|Any CPU.Build.0 = Release|Any CPU
	EndGlobalSection
	GlobalSection(SolutionProperties) = preSolution
		HideSolutionNode = FALSE
	EndGlobalSection
EndGlobal
